// !$*UTF8*$!
{
	archiveVersion = 1;
	classes = {
	};
	objectVersion = 50;
	objects = {

/* Begin PBXBuildFile section */
		3F04C671247D9DE3002CF6B1 /* Course+Convenience.swift in Sources */ = {isa = PBXBuildFile; fileRef = 3F04C670247D9DE3002CF6B1 /* Course+Convenience.swift */; };
		3F04C673247DA46B002CF6B1 /* ClassRepresentation.swift in Sources */ = {isa = PBXBuildFile; fileRef = 3F04C672247DA46B002CF6B1 /* ClassRepresentation.swift */; };
		3FB5B02E247B0FF800022892 /* User+Mock.swift in Sources */ = {isa = PBXBuildFile; fileRef = 3FB5B02D247B0FF800022892 /* User+Mock.swift */; };
		3FB5B030247B12CE00022892 /* UserRepresentation.swift in Sources */ = {isa = PBXBuildFile; fileRef = 3FB5B02F247B12CE00022892 /* UserRepresentation.swift */; };
		3FB5B032247B1A8A00022892 /* DataLoader.swift in Sources */ = {isa = PBXBuildFile; fileRef = 3FB5B031247B1A8A00022892 /* DataLoader.swift */; };
		3FB5B034247B1B5B00022892 /* Token.swift in Sources */ = {isa = PBXBuildFile; fileRef = 3FB5B033247B1B5B00022892 /* Token.swift */; };
		3FD5848D247B8A5A00EB6853 /* UserModel.swift in Sources */ = {isa = PBXBuildFile; fileRef = 3FD5848C247B8A5A00EB6853 /* UserModel.swift */; };
		3FFF92792478AB9200E93A6F /* AppDelegate.swift in Sources */ = {isa = PBXBuildFile; fileRef = 3FFF92782478AB9200E93A6F /* AppDelegate.swift */; };
		3FFF927B2478AB9200E93A6F /* SceneDelegate.swift in Sources */ = {isa = PBXBuildFile; fileRef = 3FFF927A2478AB9200E93A6F /* SceneDelegate.swift */; };
		3FFF92802478AB9200E93A6F /* Main.storyboard in Resources */ = {isa = PBXBuildFile; fileRef = 3FFF927E2478AB9200E93A6F /* Main.storyboard */; };
		3FFF92822478AB9500E93A6F /* Assets.xcassets in Resources */ = {isa = PBXBuildFile; fileRef = 3FFF92812478AB9500E93A6F /* Assets.xcassets */; };
		3FFF92852478AB9500E93A6F /* LaunchScreen.storyboard in Resources */ = {isa = PBXBuildFile; fileRef = 3FFF92832478AB9500E93A6F /* LaunchScreen.storyboard */; };
		3FFF929C2478AF0900E93A6F /* AnywhereFitness.xcdatamodeld in Sources */ = {isa = PBXBuildFile; fileRef = 3FFF929A2478AF0900E93A6F /* AnywhereFitness.xcdatamodeld */; };
		3FFF92A42478AFFF00E93A6F /* AnywhereFitnessTests.swift in Sources */ = {isa = PBXBuildFile; fileRef = 3FFF92A32478AFFF00E93A6F /* AnywhereFitnessTests.swift */; };
		3FFF92B22478B00D00E93A6F /* AnywhereFitnessUITests.swift in Sources */ = {isa = PBXBuildFile; fileRef = 3FFF92B12478B00D00E93A6F /* AnywhereFitnessUITests.swift */; };
		3FFF92BC2478BD2000E93A6F /* CoreDataStack.swift in Sources */ = {isa = PBXBuildFile; fileRef = 3FFF92BB2478BD2000E93A6F /* CoreDataStack.swift */; };
		3FFF92BE2478BE0F00E93A6F /* User+Convenience.swift in Sources */ = {isa = PBXBuildFile; fileRef = 3FFF92BD2478BE0F00E93A6F /* User+Convenience.swift */; };
		3FFF92C02478BF6F00E93A6F /* BackendController.swift in Sources */ = {isa = PBXBuildFile; fileRef = 3FFF92BF2478BF6F00E93A6F /* BackendController.swift */; };
		7987E254247DC9F3007EDD42 /* FirstViewController.swift in Sources */ = {isa = PBXBuildFile; fileRef = 7987E253247DC9F3007EDD42 /* FirstViewController.swift */; };
		7987E257247DCA5D007EDD42 /* ClientClassTableViewController.swift in Sources */ = {isa = PBXBuildFile; fileRef = 7987E256247DCA5D007EDD42 /* ClientClassTableViewController.swift */; };
		7987E259247DCA7C007EDD42 /* InstructorClassTableViewController.swift in Sources */ = {isa = PBXBuildFile; fileRef = 7987E258247DCA7C007EDD42 /* InstructorClassTableViewController.swift */; };
		7987E25E247DCB3F007EDD42 /* LogInViewController.swift in Sources */ = {isa = PBXBuildFile; fileRef = 7987E25D247DCB3F007EDD42 /* LogInViewController.swift */; };
		7987E260247DCBD7007EDD42 /* ClientClassDetailViewController.swift in Sources */ = {isa = PBXBuildFile; fileRef = 7987E25F247DCBD7007EDD42 /* ClientClassDetailViewController.swift */; };
		7987E268247F0101007EDD42 /* CreateAClassViewController.swift in Sources */ = {isa = PBXBuildFile; fileRef = 7987E267247F0101007EDD42 /* CreateAClassViewController.swift */; };
		79AF318624806BA8000EB184 /* InstructorClassDetailViewController.swift in Sources */ = {isa = PBXBuildFile; fileRef = 79AF318524806BA8000EB184 /* InstructorClassDetailViewController.swift */; };
		79AF3188248099C1000EB184 /* PaymentViewController.swift in Sources */ = {isa = PBXBuildFile; fileRef = 79AF3187248099C1000EB184 /* PaymentViewController.swift */; };
		79DE44E62480241600ACEF15 /* InstructorTableViewCell.swift in Sources */ = {isa = PBXBuildFile; fileRef = 79DE44E52480241600ACEF15 /* InstructorTableViewCell.swift */; };
		79DE44E82480311800ACEF15 /* ClientCourseTableViewCell.swift in Sources */ = {isa = PBXBuildFile; fileRef = 79DE44E72480311800ACEF15 /* ClientCourseTableViewCell.swift */; };
/* End PBXBuildFile section */

/* Begin PBXContainerItemProxy section */
		3FFF92A62478AFFF00E93A6F /* PBXContainerItemProxy */ = {
			isa = PBXContainerItemProxy;
			containerPortal = 3FFF926D2478AB9200E93A6F /* Project object */;
			proxyType = 1;
			remoteGlobalIDString = 3FFF92742478AB9200E93A6F;
			remoteInfo = AnywhereFitness;
		};
		3FFF92B42478B00D00E93A6F /* PBXContainerItemProxy */ = {
			isa = PBXContainerItemProxy;
			containerPortal = 3FFF926D2478AB9200E93A6F /* Project object */;
			proxyType = 1;
			remoteGlobalIDString = 3FFF92742478AB9200E93A6F;
			remoteInfo = AnywhereFitness;
		};
/* End PBXContainerItemProxy section */

/* Begin PBXFileReference section */
		3F04C670247D9DE3002CF6B1 /* Course+Convenience.swift */ = {isa = PBXFileReference; lastKnownFileType = sourcecode.swift; path = "Course+Convenience.swift"; sourceTree = "<group>"; };
		3F04C672247DA46B002CF6B1 /* ClassRepresentation.swift */ = {isa = PBXFileReference; lastKnownFileType = sourcecode.swift; path = ClassRepresentation.swift; sourceTree = "<group>"; };
		3FB5B02D247B0FF800022892 /* User+Mock.swift */ = {isa = PBXFileReference; lastKnownFileType = sourcecode.swift; path = "User+Mock.swift"; sourceTree = "<group>"; };
		3FB5B02F247B12CE00022892 /* UserRepresentation.swift */ = {isa = PBXFileReference; lastKnownFileType = sourcecode.swift; path = UserRepresentation.swift; sourceTree = "<group>"; };
		3FB5B031247B1A8A00022892 /* DataLoader.swift */ = {isa = PBXFileReference; lastKnownFileType = sourcecode.swift; path = DataLoader.swift; sourceTree = "<group>"; };
		3FB5B033247B1B5B00022892 /* Token.swift */ = {isa = PBXFileReference; lastKnownFileType = sourcecode.swift; path = Token.swift; sourceTree = "<group>"; };
		3FD5848C247B8A5A00EB6853 /* UserModel.swift */ = {isa = PBXFileReference; lastKnownFileType = sourcecode.swift; path = UserModel.swift; sourceTree = "<group>"; };
		3FFF92752478AB9200E93A6F /* AnywhereFitness.app */ = {isa = PBXFileReference; explicitFileType = wrapper.application; includeInIndex = 0; path = AnywhereFitness.app; sourceTree = BUILT_PRODUCTS_DIR; };
		3FFF92782478AB9200E93A6F /* AppDelegate.swift */ = {isa = PBXFileReference; lastKnownFileType = sourcecode.swift; path = AppDelegate.swift; sourceTree = "<group>"; };
		3FFF927A2478AB9200E93A6F /* SceneDelegate.swift */ = {isa = PBXFileReference; lastKnownFileType = sourcecode.swift; path = SceneDelegate.swift; sourceTree = "<group>"; };
		3FFF927F2478AB9200E93A6F /* Base */ = {isa = PBXFileReference; lastKnownFileType = file.storyboard; name = Base; path = Base.lproj/Main.storyboard; sourceTree = "<group>"; };
		3FFF92812478AB9500E93A6F /* Assets.xcassets */ = {isa = PBXFileReference; lastKnownFileType = folder.assetcatalog; path = Assets.xcassets; sourceTree = "<group>"; };
		3FFF92842478AB9500E93A6F /* Base */ = {isa = PBXFileReference; lastKnownFileType = file.storyboard; name = Base; path = Base.lproj/LaunchScreen.storyboard; sourceTree = "<group>"; };
		3FFF92862478AB9500E93A6F /* Info.plist */ = {isa = PBXFileReference; lastKnownFileType = text.plist.xml; path = Info.plist; sourceTree = "<group>"; };
		3FFF929B2478AF0900E93A6F /* AnywhereFitness.xcdatamodel */ = {isa = PBXFileReference; lastKnownFileType = wrapper.xcdatamodel; path = AnywhereFitness.xcdatamodel; sourceTree = "<group>"; };
		3FFF92A12478AFFF00E93A6F /* AnywhereFitnessTests.xctest */ = {isa = PBXFileReference; explicitFileType = wrapper.cfbundle; includeInIndex = 0; path = AnywhereFitnessTests.xctest; sourceTree = BUILT_PRODUCTS_DIR; };
		3FFF92A32478AFFF00E93A6F /* AnywhereFitnessTests.swift */ = {isa = PBXFileReference; lastKnownFileType = sourcecode.swift; path = AnywhereFitnessTests.swift; sourceTree = "<group>"; };
		3FFF92A52478AFFF00E93A6F /* Info.plist */ = {isa = PBXFileReference; lastKnownFileType = text.plist.xml; path = Info.plist; sourceTree = "<group>"; };
		3FFF92AF2478B00D00E93A6F /* AnywhereFitnessUITests.xctest */ = {isa = PBXFileReference; explicitFileType = wrapper.cfbundle; includeInIndex = 0; path = AnywhereFitnessUITests.xctest; sourceTree = BUILT_PRODUCTS_DIR; };
		3FFF92B12478B00D00E93A6F /* AnywhereFitnessUITests.swift */ = {isa = PBXFileReference; lastKnownFileType = sourcecode.swift; path = AnywhereFitnessUITests.swift; sourceTree = "<group>"; };
		3FFF92B32478B00D00E93A6F /* Info.plist */ = {isa = PBXFileReference; lastKnownFileType = text.plist.xml; path = Info.plist; sourceTree = "<group>"; };
		3FFF92BB2478BD2000E93A6F /* CoreDataStack.swift */ = {isa = PBXFileReference; lastKnownFileType = sourcecode.swift; path = CoreDataStack.swift; sourceTree = "<group>"; };
		3FFF92BD2478BE0F00E93A6F /* User+Convenience.swift */ = {isa = PBXFileReference; lastKnownFileType = sourcecode.swift; path = "User+Convenience.swift"; sourceTree = "<group>"; };
		3FFF92BF2478BF6F00E93A6F /* BackendController.swift */ = {isa = PBXFileReference; lastKnownFileType = sourcecode.swift; path = BackendController.swift; sourceTree = "<group>"; };
		7987E253247DC9F3007EDD42 /* FirstViewController.swift */ = {isa = PBXFileReference; lastKnownFileType = sourcecode.swift; name = FirstViewController.swift; path = AnywhereFitness/ViewControllers/FirstViewController.swift; sourceTree = SOURCE_ROOT; };
		7987E256247DCA5D007EDD42 /* ClientClassTableViewController.swift */ = {isa = PBXFileReference; lastKnownFileType = sourcecode.swift; name = ClientClassTableViewController.swift; path = AnywhereFitness/TableViewController/ClientClassTableViewController.swift; sourceTree = SOURCE_ROOT; };
		7987E258247DCA7C007EDD42 /* InstructorClassTableViewController.swift */ = {isa = PBXFileReference; lastKnownFileType = sourcecode.swift; path = InstructorClassTableViewController.swift; sourceTree = "<group>"; };
		7987E25D247DCB3F007EDD42 /* LogInViewController.swift */ = {isa = PBXFileReference; lastKnownFileType = sourcecode.swift; path = LogInViewController.swift; sourceTree = "<group>"; };
		7987E25F247DCBD7007EDD42 /* ClientClassDetailViewController.swift */ = {isa = PBXFileReference; lastKnownFileType = sourcecode.swift; path = ClientClassDetailViewController.swift; sourceTree = "<group>"; };
		7987E267247F0101007EDD42 /* CreateAClassViewController.swift */ = {isa = PBXFileReference; lastKnownFileType = sourcecode.swift; path = CreateAClassViewController.swift; sourceTree = "<group>"; };
		79AF318524806BA8000EB184 /* InstructorClassDetailViewController.swift */ = {isa = PBXFileReference; lastKnownFileType = sourcecode.swift; path = InstructorClassDetailViewController.swift; sourceTree = "<group>"; };
		79AF3187248099C1000EB184 /* PaymentViewController.swift */ = {isa = PBXFileReference; lastKnownFileType = sourcecode.swift; path = PaymentViewController.swift; sourceTree = "<group>"; };
		79DE44E52480241600ACEF15 /* InstructorTableViewCell.swift */ = {isa = PBXFileReference; lastKnownFileType = sourcecode.swift; path = InstructorTableViewCell.swift; sourceTree = "<group>"; };
		79DE44E72480311800ACEF15 /* ClientCourseTableViewCell.swift */ = {isa = PBXFileReference; lastKnownFileType = sourcecode.swift; path = ClientCourseTableViewCell.swift; sourceTree = "<group>"; };
/* End PBXFileReference section */

/* Begin PBXFrameworksBuildPhase section */
		3FFF92722478AB9200E93A6F /* Frameworks */ = {
			isa = PBXFrameworksBuildPhase;
			buildActionMask = 2147483647;
			files = (
			);
			runOnlyForDeploymentPostprocessing = 0;
		};
		3FFF929E2478AFFF00E93A6F /* Frameworks */ = {
			isa = PBXFrameworksBuildPhase;
			buildActionMask = 2147483647;
			files = (
			);
			runOnlyForDeploymentPostprocessing = 0;
		};
		3FFF92AC2478B00D00E93A6F /* Frameworks */ = {
			isa = PBXFrameworksBuildPhase;
			buildActionMask = 2147483647;
			files = (
			);
			runOnlyForDeploymentPostprocessing = 0;
		};
/* End PBXFrameworksBuildPhase section */

/* Begin PBXGroup section */
		3FFF926C2478AB9200E93A6F = {
			isa = PBXGroup;
			children = (
				3FFF92772478AB9200E93A6F /* AnywhereFitness */,
				3FFF92A22478AFFF00E93A6F /* AnywhereFitnessTests */,
				3FFF92B02478B00D00E93A6F /* AnywhereFitnessUITests */,
				3FFF92762478AB9200E93A6F /* Products */,
			);
			sourceTree = "<group>";
		};
		3FFF92762478AB9200E93A6F /* Products */ = {
			isa = PBXGroup;
			children = (
				3FFF92752478AB9200E93A6F /* AnywhereFitness.app */,
				3FFF92A12478AFFF00E93A6F /* AnywhereFitnessTests.xctest */,
				3FFF92AF2478B00D00E93A6F /* AnywhereFitnessUITests.xctest */,
			);
			name = Products;
			sourceTree = "<group>";
		};
		3FFF92772478AB9200E93A6F /* AnywhereFitness */ = {
			isa = PBXGroup;
			children = (
				3FFF928E2478ABF200E93A6F /* Resources */,
				7987E264247EF78D007EDD42 /* CreateAClassView */,
				7987E25A247DCAEB007EDD42 /* LogInViewControllers */,
				7987E255247DCA12007EDD42 /* TableViewController */,
				3FFF928C2478ABD700E93A6F /* Application  */,
				3FFF92972478AD7000E93A6F /* Networking */,
				3FFF92992478ADCB00E93A6F /* MockData */,
				3FFF92982478ADB900E93A6F /* Models */,
				79DE44E42480240200ACEF15 /* Views */,
				3FFF92942478AD6600E93A6F /* ViewControllers */,
				3FFF928D2478ABE000E93A6F /* Storyboards */,
			);
			path = AnywhereFitness;
			sourceTree = "<group>";
		};
		3FFF928C2478ABD700E93A6F /* Application  */ = {
			isa = PBXGroup;
			children = (
				3FFF92782478AB9200E93A6F /* AppDelegate.swift */,
				3FFF927A2478AB9200E93A6F /* SceneDelegate.swift */,
			);
			path = "Application ";
			sourceTree = "<group>";
		};
		3FFF928D2478ABE000E93A6F /* Storyboards */ = {
			isa = PBXGroup;
			children = (
				3FFF92832478AB9500E93A6F /* LaunchScreen.storyboard */,
				3FFF927E2478AB9200E93A6F /* Main.storyboard */,
			);
			path = Storyboards;
			sourceTree = "<group>";
		};
		3FFF928E2478ABF200E93A6F /* Resources */ = {
			isa = PBXGroup;
			children = (
				3FFF92812478AB9500E93A6F /* Assets.xcassets */,
				3FFF92862478AB9500E93A6F /* Info.plist */,
			);
			path = Resources;
			sourceTree = "<group>";
		};
		3FFF92942478AD6600E93A6F /* ViewControllers */ = {
			isa = PBXGroup;
			children = (
				7987E253247DC9F3007EDD42 /* FirstViewController.swift */,
				7987E25F247DCBD7007EDD42 /* ClientClassDetailViewController.swift */,
				79AF318524806BA8000EB184 /* InstructorClassDetailViewController.swift */,
				79AF3187248099C1000EB184 /* PaymentViewController.swift */,
			);
			path = ViewControllers;
			sourceTree = "<group>";
		};
		3FFF92962478AD6D00E93A6F /* CoreData */ = {
			isa = PBXGroup;
			children = (
				3FFF929A2478AF0900E93A6F /* AnywhereFitness.xcdatamodeld */,
				3F04C670247D9DE3002CF6B1 /* Course+Convenience.swift */,
				3FFF92BB2478BD2000E93A6F /* CoreDataStack.swift */,
				3FFF92BD2478BE0F00E93A6F /* User+Convenience.swift */,
			);
			path = CoreData;
			sourceTree = "<group>";
		};
		3FFF92972478AD7000E93A6F /* Networking */ = {
			isa = PBXGroup;
			children = (
				3FFF92BF2478BF6F00E93A6F /* BackendController.swift */,
				3FB5B02F247B12CE00022892 /* UserRepresentation.swift */,
				3F04C672247DA46B002CF6B1 /* ClassRepresentation.swift */,
			);
			path = Networking;
			sourceTree = "<group>";
		};
		3FFF92982478ADB900E93A6F /* Models */ = {
			isa = PBXGroup;
			children = (
				3FB5B033247B1B5B00022892 /* Token.swift */,
				3FB5B031247B1A8A00022892 /* DataLoader.swift */,
				3FD5848C247B8A5A00EB6853 /* UserModel.swift */,
				3FFF92962478AD6D00E93A6F /* CoreData */,
			);
			path = Models;
			sourceTree = "<group>";
		};
		3FFF92992478ADCB00E93A6F /* MockData */ = {
			isa = PBXGroup;
			children = (
				3FB5B02D247B0FF800022892 /* User+Mock.swift */,
			);
			path = MockData;
			sourceTree = "<group>";
		};
		3FFF92A22478AFFF00E93A6F /* AnywhereFitnessTests */ = {
			isa = PBXGroup;
			children = (
				3FFF92A32478AFFF00E93A6F /* AnywhereFitnessTests.swift */,
				3FFF92A52478AFFF00E93A6F /* Info.plist */,
			);
			path = AnywhereFitnessTests;
			sourceTree = "<group>";
		};
		3FFF92B02478B00D00E93A6F /* AnywhereFitnessUITests */ = {
			isa = PBXGroup;
			children = (
				3FFF92B12478B00D00E93A6F /* AnywhereFitnessUITests.swift */,
				3FFF92B32478B00D00E93A6F /* Info.plist */,
			);
			path = AnywhereFitnessUITests;
			sourceTree = "<group>";
		};
		7987E255247DCA12007EDD42 /* TableViewController */ = {
			isa = PBXGroup;
			children = (
				7987E256247DCA5D007EDD42 /* ClientClassTableViewController.swift */,
				7987E258247DCA7C007EDD42 /* InstructorClassTableViewController.swift */,
			);
			path = TableViewController;
			sourceTree = "<group>";
		};
		7987E25A247DCAEB007EDD42 /* LogInViewControllers */ = {
			isa = PBXGroup;
			children = (
				7987E25D247DCB3F007EDD42 /* LogInViewController.swift */,
			);
			path = LogInViewControllers;
			sourceTree = "<group>";
		};
		7987E264247EF78D007EDD42 /* CreateAClassView */ = {
			isa = PBXGroup;
			children = (
				7987E267247F0101007EDD42 /* CreateAClassViewController.swift */,
			);
			path = CreateAClassView;
			sourceTree = "<group>";
		};
		79DE44E42480240200ACEF15 /* Views */ = {
			isa = PBXGroup;
			children = (
				79DE44E52480241600ACEF15 /* InstructorTableViewCell.swift */,
				79DE44E72480311800ACEF15 /* ClientCourseTableViewCell.swift */,
			);
			path = Views;
			sourceTree = "<group>";
		};
/* End PBXGroup section */

/* Begin PBXNativeTarget section */
		3FFF92742478AB9200E93A6F /* AnywhereFitness */ = {
			isa = PBXNativeTarget;
			buildConfigurationList = 3FFF92892478AB9500E93A6F /* Build configuration list for PBXNativeTarget "AnywhereFitness" */;
			buildPhases = (
				3FFF92712478AB9200E93A6F /* Sources */,
				3FFF92722478AB9200E93A6F /* Frameworks */,
				3FFF92732478AB9200E93A6F /* Resources */,
				3FFF92BA2478B2D800E93A6F /* ShellScript */,
			);
			buildRules = (
			);
			dependencies = (
			);
			name = AnywhereFitness;
			productName = AnywhereFitness;
			productReference = 3FFF92752478AB9200E93A6F /* AnywhereFitness.app */;
			productType = "com.apple.product-type.application";
		};
		3FFF92A02478AFFF00E93A6F /* AnywhereFitnessTests */ = {
			isa = PBXNativeTarget;
			buildConfigurationList = 3FFF92A82478AFFF00E93A6F /* Build configuration list for PBXNativeTarget "AnywhereFitnessTests" */;
			buildPhases = (
				3FFF929D2478AFFF00E93A6F /* Sources */,
				3FFF929E2478AFFF00E93A6F /* Frameworks */,
				3FFF929F2478AFFF00E93A6F /* Resources */,
			);
			buildRules = (
			);
			dependencies = (
				3FFF92A72478AFFF00E93A6F /* PBXTargetDependency */,
			);
			name = AnywhereFitnessTests;
			productName = AnywhereFitnessTests;
			productReference = 3FFF92A12478AFFF00E93A6F /* AnywhereFitnessTests.xctest */;
			productType = "com.apple.product-type.bundle.unit-test";
		};
		3FFF92AE2478B00D00E93A6F /* AnywhereFitnessUITests */ = {
			isa = PBXNativeTarget;
			buildConfigurationList = 3FFF92B62478B00D00E93A6F /* Build configuration list for PBXNativeTarget "AnywhereFitnessUITests" */;
			buildPhases = (
				3FFF92AB2478B00D00E93A6F /* Sources */,
				3FFF92AC2478B00D00E93A6F /* Frameworks */,
				3FFF92AD2478B00D00E93A6F /* Resources */,
			);
			buildRules = (
			);
			dependencies = (
				3FFF92B52478B00D00E93A6F /* PBXTargetDependency */,
			);
			name = AnywhereFitnessUITests;
			productName = AnywhereFitnessUITests;
			productReference = 3FFF92AF2478B00D00E93A6F /* AnywhereFitnessUITests.xctest */;
			productType = "com.apple.product-type.bundle.ui-testing";
		};
/* End PBXNativeTarget section */

/* Begin PBXProject section */
		3FFF926D2478AB9200E93A6F /* Project object */ = {
			isa = PBXProject;
			attributes = {
				LastSwiftUpdateCheck = 1150;
				LastUpgradeCheck = 1150;
				ORGANIZATIONNAME = "Bhawnish Kumar";
				TargetAttributes = {
					3FFF92742478AB9200E93A6F = {
						CreatedOnToolsVersion = 11.5;
					};
					3FFF92A02478AFFF00E93A6F = {
						CreatedOnToolsVersion = 11.5;
						TestTargetID = 3FFF92742478AB9200E93A6F;
					};
					3FFF92AE2478B00D00E93A6F = {
						CreatedOnToolsVersion = 11.5;
						TestTargetID = 3FFF92742478AB9200E93A6F;
					};
				};
			};
			buildConfigurationList = 3FFF92702478AB9200E93A6F /* Build configuration list for PBXProject "AnywhereFitness" */;
			compatibilityVersion = "Xcode 9.3";
			developmentRegion = en;
			hasScannedForEncodings = 0;
			knownRegions = (
				en,
				Base,
			);
			mainGroup = 3FFF926C2478AB9200E93A6F;
			productRefGroup = 3FFF92762478AB9200E93A6F /* Products */;
			projectDirPath = "";
			projectRoot = "";
			targets = (
				3FFF92742478AB9200E93A6F /* AnywhereFitness */,
				3FFF92A02478AFFF00E93A6F /* AnywhereFitnessTests */,
				3FFF92AE2478B00D00E93A6F /* AnywhereFitnessUITests */,
			);
		};
/* End PBXProject section */

/* Begin PBXResourcesBuildPhase section */
		3FFF92732478AB9200E93A6F /* Resources */ = {
			isa = PBXResourcesBuildPhase;
			buildActionMask = 2147483647;
			files = (
				3FFF92852478AB9500E93A6F /* LaunchScreen.storyboard in Resources */,
				3FFF92822478AB9500E93A6F /* Assets.xcassets in Resources */,
				3FFF92802478AB9200E93A6F /* Main.storyboard in Resources */,
			);
			runOnlyForDeploymentPostprocessing = 0;
		};
		3FFF929F2478AFFF00E93A6F /* Resources */ = {
			isa = PBXResourcesBuildPhase;
			buildActionMask = 2147483647;
			files = (
			);
			runOnlyForDeploymentPostprocessing = 0;
		};
		3FFF92AD2478B00D00E93A6F /* Resources */ = {
			isa = PBXResourcesBuildPhase;
			buildActionMask = 2147483647;
			files = (
			);
			runOnlyForDeploymentPostprocessing = 0;
		};
/* End PBXResourcesBuildPhase section */

/* Begin PBXShellScriptBuildPhase section */
		3FFF92BA2478B2D800E93A6F /* ShellScript */ = {
			isa = PBXShellScriptBuildPhase;
			buildActionMask = 2147483647;
			files = (
			);
			inputFileListPaths = (
			);
			inputPaths = (
			);
			outputFileListPaths = (
			);
			outputPaths = (
			);
			runOnlyForDeploymentPostprocessing = 0;
			shellPath = /bin/sh;
			shellScript = "
";
		};
/* End PBXShellScriptBuildPhase section */

/* Begin PBXSourcesBuildPhase section */
		3FFF92712478AB9200E93A6F /* Sources */ = {
			isa = PBXSourcesBuildPhase;
			buildActionMask = 2147483647;
			files = (
				79DE44E62480241600ACEF15 /* InstructorTableViewCell.swift in Sources */,
				7987E268247F0101007EDD42 /* CreateAClassViewController.swift in Sources */,
				3FB5B02E247B0FF800022892 /* User+Mock.swift in Sources */,
				79DE44E82480311800ACEF15 /* ClientCourseTableViewCell.swift in Sources */,
				7987E260247DCBD7007EDD42 /* ClientClassDetailViewController.swift in Sources */,
				7987E25E247DCB3F007EDD42 /* LogInViewController.swift in Sources */,
				3FB5B034247B1B5B00022892 /* Token.swift in Sources */,
				3F04C673247DA46B002CF6B1 /* ClassRepresentation.swift in Sources */,
				3FFF92792478AB9200E93A6F /* AppDelegate.swift in Sources */,
				7987E254247DC9F3007EDD42 /* FirstViewController.swift in Sources */,
				3FFF929C2478AF0900E93A6F /* AnywhereFitness.xcdatamodeld in Sources */,
				3FFF92C02478BF6F00E93A6F /* BackendController.swift in Sources */,
				3FFF927B2478AB9200E93A6F /* SceneDelegate.swift in Sources */,
				3FB5B030247B12CE00022892 /* UserRepresentation.swift in Sources */,
				3FFF92BC2478BD2000E93A6F /* CoreDataStack.swift in Sources */,
				3F04C671247D9DE3002CF6B1 /* Course+Convenience.swift in Sources */,
				3FFF92BE2478BE0F00E93A6F /* User+Convenience.swift in Sources */,
				7987E257247DCA5D007EDD42 /* ClientClassTableViewController.swift in Sources */,
				3FB5B032247B1A8A00022892 /* DataLoader.swift in Sources */,
				79AF318624806BA8000EB184 /* InstructorClassDetailViewController.swift in Sources */,
				3FD5848D247B8A5A00EB6853 /* UserModel.swift in Sources */,
				7987E259247DCA7C007EDD42 /* InstructorClassTableViewController.swift in Sources */,
				79AF3188248099C1000EB184 /* PaymentViewController.swift in Sources */,
			);
			runOnlyForDeploymentPostprocessing = 0;
		};
		3FFF929D2478AFFF00E93A6F /* Sources */ = {
			isa = PBXSourcesBuildPhase;
			buildActionMask = 2147483647;
			files = (
				3FFF92A42478AFFF00E93A6F /* AnywhereFitnessTests.swift in Sources */,
			);
			runOnlyForDeploymentPostprocessing = 0;
		};
		3FFF92AB2478B00D00E93A6F /* Sources */ = {
			isa = PBXSourcesBuildPhase;
			buildActionMask = 2147483647;
			files = (
				3FFF92B22478B00D00E93A6F /* AnywhereFitnessUITests.swift in Sources */,
			);
			runOnlyForDeploymentPostprocessing = 0;
		};
/* End PBXSourcesBuildPhase section */

/* Begin PBXTargetDependency section */
		3FFF92A72478AFFF00E93A6F /* PBXTargetDependency */ = {
			isa = PBXTargetDependency;
			target = 3FFF92742478AB9200E93A6F /* AnywhereFitness */;
			targetProxy = 3FFF92A62478AFFF00E93A6F /* PBXContainerItemProxy */;
		};
		3FFF92B52478B00D00E93A6F /* PBXTargetDependency */ = {
			isa = PBXTargetDependency;
			target = 3FFF92742478AB9200E93A6F /* AnywhereFitness */;
			targetProxy = 3FFF92B42478B00D00E93A6F /* PBXContainerItemProxy */;
		};
/* End PBXTargetDependency section */

/* Begin PBXVariantGroup section */
		3FFF927E2478AB9200E93A6F /* Main.storyboard */ = {
			isa = PBXVariantGroup;
			children = (
				3FFF927F2478AB9200E93A6F /* Base */,
			);
			name = Main.storyboard;
			sourceTree = "<group>";
		};
		3FFF92832478AB9500E93A6F /* LaunchScreen.storyboard */ = {
			isa = PBXVariantGroup;
			children = (
				3FFF92842478AB9500E93A6F /* Base */,
			);
			name = LaunchScreen.storyboard;
			sourceTree = "<group>";
		};
/* End PBXVariantGroup section */

/* Begin XCBuildConfiguration section */
		3FFF92872478AB9500E93A6F /* Debug */ = {
			isa = XCBuildConfiguration;
			buildSettings = {
				ALWAYS_SEARCH_USER_PATHS = NO;
				CLANG_ANALYZER_NONNULL = YES;
				CLANG_ANALYZER_NUMBER_OBJECT_CONVERSION = YES_AGGRESSIVE;
				CLANG_CXX_LANGUAGE_STANDARD = "gnu++14";
				CLANG_CXX_LIBRARY = "libc++";
				CLANG_ENABLE_MODULES = YES;
				CLANG_ENABLE_OBJC_ARC = YES;
				CLANG_ENABLE_OBJC_WEAK = YES;
				CLANG_WARN_BLOCK_CAPTURE_AUTORELEASING = YES;
				CLANG_WARN_BOOL_CONVERSION = YES;
				CLANG_WARN_COMMA = YES;
				CLANG_WARN_CONSTANT_CONVERSION = YES;
				CLANG_WARN_DEPRECATED_OBJC_IMPLEMENTATIONS = YES;
				CLANG_WARN_DIRECT_OBJC_ISA_USAGE = YES_ERROR;
				CLANG_WARN_DOCUMENTATION_COMMENTS = YES;
				CLANG_WARN_EMPTY_BODY = YES;
				CLANG_WARN_ENUM_CONVERSION = YES;
				CLANG_WARN_INFINITE_RECURSION = YES;
				CLANG_WARN_INT_CONVERSION = YES;
				CLANG_WARN_NON_LITERAL_NULL_CONVERSION = YES;
				CLANG_WARN_OBJC_IMPLICIT_RETAIN_SELF = YES;
				CLANG_WARN_OBJC_LITERAL_CONVERSION = YES;
				CLANG_WARN_OBJC_ROOT_CLASS = YES_ERROR;
				CLANG_WARN_RANGE_LOOP_ANALYSIS = YES;
				CLANG_WARN_STRICT_PROTOTYPES = YES;
				CLANG_WARN_SUSPICIOUS_MOVE = YES;
				CLANG_WARN_UNGUARDED_AVAILABILITY = YES_AGGRESSIVE;
				CLANG_WARN_UNREACHABLE_CODE = YES;
				CLANG_WARN__DUPLICATE_METHOD_MATCH = YES;
				COPY_PHASE_STRIP = NO;
				DEBUG_INFORMATION_FORMAT = dwarf;
				ENABLE_STRICT_OBJC_MSGSEND = YES;
				ENABLE_TESTABILITY = YES;
				GCC_C_LANGUAGE_STANDARD = gnu11;
				GCC_DYNAMIC_NO_PIC = NO;
				GCC_NO_COMMON_BLOCKS = YES;
				GCC_OPTIMIZATION_LEVEL = 0;
				GCC_PREPROCESSOR_DEFINITIONS = (
					"DEBUG=1",
					"$(inherited)",
				);
				GCC_WARN_64_TO_32_BIT_CONVERSION = YES;
				GCC_WARN_ABOUT_RETURN_TYPE = YES_ERROR;
				GCC_WARN_UNDECLARED_SELECTOR = YES;
				GCC_WARN_UNINITIALIZED_AUTOS = YES_AGGRESSIVE;
				GCC_WARN_UNUSED_FUNCTION = YES;
				GCC_WARN_UNUSED_VARIABLE = YES;
				IPHONEOS_DEPLOYMENT_TARGET = 13.5;
				MTL_ENABLE_DEBUG_INFO = INCLUDE_SOURCE;
				MTL_FAST_MATH = YES;
				ONLY_ACTIVE_ARCH = YES;
				SDKROOT = iphoneos;
				SWIFT_ACTIVE_COMPILATION_CONDITIONS = DEBUG;
				SWIFT_OPTIMIZATION_LEVEL = "-Onone";
			};
			name = Debug;
		};
		3FFF92882478AB9500E93A6F /* Release */ = {
			isa = XCBuildConfiguration;
			buildSettings = {
				ALWAYS_SEARCH_USER_PATHS = NO;
				CLANG_ANALYZER_NONNULL = YES;
				CLANG_ANALYZER_NUMBER_OBJECT_CONVERSION = YES_AGGRESSIVE;
				CLANG_CXX_LANGUAGE_STANDARD = "gnu++14";
				CLANG_CXX_LIBRARY = "libc++";
				CLANG_ENABLE_MODULES = YES;
				CLANG_ENABLE_OBJC_ARC = YES;
				CLANG_ENABLE_OBJC_WEAK = YES;
				CLANG_WARN_BLOCK_CAPTURE_AUTORELEASING = YES;
				CLANG_WARN_BOOL_CONVERSION = YES;
				CLANG_WARN_COMMA = YES;
				CLANG_WARN_CONSTANT_CONVERSION = YES;
				CLANG_WARN_DEPRECATED_OBJC_IMPLEMENTATIONS = YES;
				CLANG_WARN_DIRECT_OBJC_ISA_USAGE = YES_ERROR;
				CLANG_WARN_DOCUMENTATION_COMMENTS = YES;
				CLANG_WARN_EMPTY_BODY = YES;
				CLANG_WARN_ENUM_CONVERSION = YES;
				CLANG_WARN_INFINITE_RECURSION = YES;
				CLANG_WARN_INT_CONVERSION = YES;
				CLANG_WARN_NON_LITERAL_NULL_CONVERSION = YES;
				CLANG_WARN_OBJC_IMPLICIT_RETAIN_SELF = YES;
				CLANG_WARN_OBJC_LITERAL_CONVERSION = YES;
				CLANG_WARN_OBJC_ROOT_CLASS = YES_ERROR;
				CLANG_WARN_RANGE_LOOP_ANALYSIS = YES;
				CLANG_WARN_STRICT_PROTOTYPES = YES;
				CLANG_WARN_SUSPICIOUS_MOVE = YES;
				CLANG_WARN_UNGUARDED_AVAILABILITY = YES_AGGRESSIVE;
				CLANG_WARN_UNREACHABLE_CODE = YES;
				CLANG_WARN__DUPLICATE_METHOD_MATCH = YES;
				COPY_PHASE_STRIP = NO;
				DEBUG_INFORMATION_FORMAT = "dwarf-with-dsym";
				ENABLE_NS_ASSERTIONS = NO;
				ENABLE_STRICT_OBJC_MSGSEND = YES;
				GCC_C_LANGUAGE_STANDARD = gnu11;
				GCC_NO_COMMON_BLOCKS = YES;
				GCC_WARN_64_TO_32_BIT_CONVERSION = YES;
				GCC_WARN_ABOUT_RETURN_TYPE = YES_ERROR;
				GCC_WARN_UNDECLARED_SELECTOR = YES;
				GCC_WARN_UNINITIALIZED_AUTOS = YES_AGGRESSIVE;
				GCC_WARN_UNUSED_FUNCTION = YES;
				GCC_WARN_UNUSED_VARIABLE = YES;
				IPHONEOS_DEPLOYMENT_TARGET = 13.5;
				MTL_ENABLE_DEBUG_INFO = NO;
				MTL_FAST_MATH = YES;
				SDKROOT = iphoneos;
				SWIFT_COMPILATION_MODE = wholemodule;
				SWIFT_OPTIMIZATION_LEVEL = "-O";
				VALIDATE_PRODUCT = YES;
			};
			name = Release;
		};
		3FFF928A2478AB9500E93A6F /* Debug */ = {
			isa = XCBuildConfiguration;
			buildSettings = {
				ASSETCATALOG_COMPILER_APPICON_NAME = AppIcon;
				CODE_SIGN_STYLE = Automatic;
				DEVELOPMENT_TEAM = MFBD923VWU;
				INFOPLIST_FILE = /Users/bhawnishkumar/Documents/DevelopmentiOS16/IOS/AnywhereFitness/AnywhereFitness/Resources/Info.plist;
				IPHONEOS_DEPLOYMENT_TARGET = 13.5;
				LD_RUNPATH_SEARCH_PATHS = (
					"$(inherited)",
					"@executable_path/Frameworks",
				);
				PRODUCT_BUNDLE_IDENTIFIER = bharat.AnywhereFitness;
				PRODUCT_NAME = "$(TARGET_NAME)";
				SWIFT_VERSION = 5.0;
				TARGETED_DEVICE_FAMILY = "1,2";
			};
			name = Debug;
		};
		3FFF928B2478AB9500E93A6F /* Release */ = {
			isa = XCBuildConfiguration;
			buildSettings = {
				ASSETCATALOG_COMPILER_APPICON_NAME = AppIcon;
				CODE_SIGN_STYLE = Automatic;
				DEVELOPMENT_TEAM = MFBD923VWU;
				INFOPLIST_FILE = /Users/bhawnishkumar/Documents/DevelopmentiOS16/IOS/AnywhereFitness/AnywhereFitness/Resources/Info.plist;
				IPHONEOS_DEPLOYMENT_TARGET = 13.5;
				LD_RUNPATH_SEARCH_PATHS = (
					"$(inherited)",
					"@executable_path/Frameworks",
				);
				PRODUCT_BUNDLE_IDENTIFIER = bharat.AnywhereFitness;
				PRODUCT_NAME = "$(TARGET_NAME)";
				SWIFT_VERSION = 5.0;
				TARGETED_DEVICE_FAMILY = "1,2";
			};
			name = Release;
		};
		3FFF92A92478AFFF00E93A6F /* Debug */ = {
			isa = XCBuildConfiguration;
			buildSettings = {
				BUNDLE_LOADER = "$(TEST_HOST)";
				CODE_SIGN_STYLE = Automatic;
				DEVELOPMENT_TEAM = MFBD923VWU;
				INFOPLIST_FILE = AnywhereFitnessTests/Info.plist;
				LD_RUNPATH_SEARCH_PATHS = (
					"$(inherited)",
					"@executable_path/Frameworks",
					"@loader_path/Frameworks",
				);
				PRODUCT_BUNDLE_IDENTIFIER = bharat.AnywhereFitnessTests;
				PRODUCT_NAME = "$(TARGET_NAME)";
				SWIFT_VERSION = 5.0;
				TARGETED_DEVICE_FAMILY = "1,2";
				TEST_HOST = "$(BUILT_PRODUCTS_DIR)/AnywhereFitness.app/AnywhereFitness";
			};
			name = Debug;
		};
		3FFF92AA2478AFFF00E93A6F /* Release */ = {
			isa = XCBuildConfiguration;
			buildSettings = {
				BUNDLE_LOADER = "$(TEST_HOST)";
				CODE_SIGN_STYLE = Automatic;
				DEVELOPMENT_TEAM = MFBD923VWU;
				INFOPLIST_FILE = AnywhereFitnessTests/Info.plist;
				LD_RUNPATH_SEARCH_PATHS = (
					"$(inherited)",
					"@executable_path/Frameworks",
					"@loader_path/Frameworks",
				);
				PRODUCT_BUNDLE_IDENTIFIER = bharat.AnywhereFitnessTests;
				PRODUCT_NAME = "$(TARGET_NAME)";
				SWIFT_VERSION = 5.0;
				TARGETED_DEVICE_FAMILY = "1,2";
				TEST_HOST = "$(BUILT_PRODUCTS_DIR)/AnywhereFitness.app/AnywhereFitness";
			};
			name = Release;
		};
		3FFF92B72478B00D00E93A6F /* Debug */ = {
			isa = XCBuildConfiguration;
			buildSettings = {
				CODE_SIGN_STYLE = Automatic;
				DEVELOPMENT_TEAM = MFBD923VWU;
				INFOPLIST_FILE = AnywhereFitnessUITests/Info.plist;
				LD_RUNPATH_SEARCH_PATHS = (
					"$(inherited)",
					"@executable_path/Frameworks",
					"@loader_path/Frameworks",
				);
				PRODUCT_BUNDLE_IDENTIFIER = bharat.AnywhereFitnessUITests;
				PRODUCT_NAME = "$(TARGET_NAME)";
				SWIFT_VERSION = 5.0;
				TARGETED_DEVICE_FAMILY = "1,2";
				TEST_TARGET_NAME = AnywhereFitness;
			};
			name = Debug;
		};
		3FFF92B82478B00D00E93A6F /* Release */ = {
			isa = XCBuildConfiguration;
			buildSettings = {
				CODE_SIGN_STYLE = Automatic;
				DEVELOPMENT_TEAM = MFBD923VWU;
				INFOPLIST_FILE = AnywhereFitnessUITests/Info.plist;
				LD_RUNPATH_SEARCH_PATHS = (
					"$(inherited)",
					"@executable_path/Frameworks",
					"@loader_path/Frameworks",
				);
				PRODUCT_BUNDLE_IDENTIFIER = bharat.AnywhereFitnessUITests;
				PRODUCT_NAME = "$(TARGET_NAME)";
				SWIFT_VERSION = 5.0;
				TARGETED_DEVICE_FAMILY = "1,2";
				TEST_TARGET_NAME = AnywhereFitness;
			};
			name = Release;
		};
/* End XCBuildConfiguration section */

/* Begin XCConfigurationList section */
		3FFF92702478AB9200E93A6F /* Build configuration list for PBXProject "AnywhereFitness" */ = {
			isa = XCConfigurationList;
			buildConfigurations = (
				3FFF92872478AB9500E93A6F /* Debug */,
				3FFF92882478AB9500E93A6F /* Release */,
			);
			defaultConfigurationIsVisible = 0;
			defaultConfigurationName = Release;
		};
		3FFF92892478AB9500E93A6F /* Build configuration list for PBXNativeTarget "AnywhereFitness" */ = {
			isa = XCConfigurationList;
			buildConfigurations = (
				3FFF928A2478AB9500E93A6F /* Debug */,
				3FFF928B2478AB9500E93A6F /* Release */,
			);
			defaultConfigurationIsVisible = 0;
			defaultConfigurationName = Release;
		};
		3FFF92A82478AFFF00E93A6F /* Build configuration list for PBXNativeTarget "AnywhereFitnessTests" */ = {
			isa = XCConfigurationList;
			buildConfigurations = (
				3FFF92A92478AFFF00E93A6F /* Debug */,
				3FFF92AA2478AFFF00E93A6F /* Release */,
			);
			defaultConfigurationIsVisible = 0;
			defaultConfigurationName = Release;
		};
		3FFF92B62478B00D00E93A6F /* Build configuration list for PBXNativeTarget "AnywhereFitnessUITests" */ = {
			isa = XCConfigurationList;
			buildConfigurations = (
				3FFF92B72478B00D00E93A6F /* Debug */,
				3FFF92B82478B00D00E93A6F /* Release */,
			);
			defaultConfigurationIsVisible = 0;
			defaultConfigurationName = Release;
		};
/* End XCConfigurationList section */

/* Begin XCVersionGroup section */
		3FFF929A2478AF0900E93A6F /* AnywhereFitness.xcdatamodeld */ = {
			isa = XCVersionGroup;
			children = (
				3FFF929B2478AF0900E93A6F /* AnywhereFitness.xcdatamodel */,
			);
			currentVersion = 3FFF929B2478AF0900E93A6F /* AnywhereFitness.xcdatamodel */;
			path = AnywhereFitness.xcdatamodeld;
			sourceTree = "<group>";
			versionGroupType = wrapper.xcdatamodel;
		};
/* End XCVersionGroup section */
	};
	rootObject = 3FFF926D2478AB9200E93A6F /* Project object */;
}
